
Microsoft Visual Studio Solution File, Format Version 12.00
# Visual Studio Version 17
VisualStudioVersion = 17.6.33829.357
MinimumVisualStudioVersion = 10.0.40219.1
Project("{FAE04EC0-301F-11D3-BF4B-00C04F79EFBC}") = "GeoIPLookup-JSONParser", "GeoIPLookup-JSONParser\GeoIPLookup-JSONParser.csproj", "{E7BF1C1F-C02A-4D49-B33A-2BD2BF9C61E1}"
EndProject
Global
	GlobalSection(SolutionConfigurationPlatforms) = preSolution
		Debug|Any CPU = Debug|Any CPU
		Release|Any CPU = Release|Any CPU
	EndGlobalSection
	GlobalSection(ProjectConfigurationPlatforms) = postSolution
		{E7BF1C1F-C02A-4D49-B33A-2BD2BF9C61E1}.Debug|Any CPU.ActiveCfg = Debug|Any CPU
		{E7BF1C1F-C02A-4D49-B33A-2BD2BF9C61E1}.Debug|Any CPU.Build.0 = Debug|Any CPU
		{E7BF1C1F-C02A-4D49-B33A-2BD2BF9C61E1}.Release|Any CPU.ActiveCfg = Release|Any CPU
		{E7BF1C1F-C02A-4D49-B33A-2BD2BF9C61E1}.Release|Any CPU.Build.0 = Release|Any CPU
	EndGlobalSection
	GlobalSection(SolutionProperties) = preSolution
		HideSolutionNode = FALSE
	EndGlobalSection
	GlobalSection(ExtensibilityGlobals) = postSolution
		SolutionGuid = {EC595148-8F11-4DB6-96BC-195692DF117C}
	EndGlobalSection
EndGlobal
